
Microsoft Visual Studio Solution File, Format Version 12.00
# Visual Studio 15
VisualStudioVersion = 15.0.28307.329
MinimumVisualStudioVersion = 10.0.40219.1
Project("{FAE04EC0-301F-11D3-BF4B-00C04F79EFBC}") = "ConsoleApp3", "ConsoleApp3\ConsoleApp3.csproj", "{29174C0C-D9D0-47FF-BFEB-86DDB0C9FFDD}"
EndProject
Global
	GlobalSection(SolutionConfigurationPlatforms) = preSolution
		Debug|Any CPU = Debug|Any CPU
		Release|Any CPU = Release|Any CPU
	EndGlobalSection
	GlobalSection(ProjectConfigurationPlatforms) = postSolution
		{29174C0C-D9D0-47FF-BFEB-86DDB0C9FFDD}.Debug|Any CPU.ActiveCfg = Debug|Any CPU
		{29174C0C-D9D0-47FF-BFEB-86DDB0C9FFDD}.Debug|Any CPU.Build.0 = Debug|Any CPU
		{29174C0C-D9D0-47FF-BFEB-86DDB0C9FFDD}.Release|Any CPU.ActiveCfg = Release|Any CPU
		{29174C0C-D9D0-47FF-BFEB-86DDB0C9FFDD}.Release|Any CPU.Build.0 = Release|Any CPU
	EndGlobalSection
	GlobalSection(SolutionProperties) = preSolution
		HideSolutionNode = FALSE
	EndGlobalSection
	GlobalSection(ExtensibilityGlobals) = postSolution
		SolutionGuid = {06EABEEF-F008-4CB8-88F8-CF062E088632}
	EndGlobalSection
EndGlobal
